
Microsoft Visual Studio Solution File, Format Version 12.00
# Visual Studio 2013
VisualStudioVersion = 12.0.21005.1
MinimumVisualStudioVersion = 10.0.40219.1
Project("{FAE04EC0-301F-11D3-BF4B-00C04F79EFBC}") = "GraphQLParser", "GraphQLParser\GraphQLParser.csproj", "{04664964-90BC-4B5B-ADBF-2D9EB30952BF}"
EndProject
Project("{FAE04EC0-301F-11D3-BF4B-00C04F79EFBC}") = "GraphQLParser.Tests", "GraphQLParser.Tests\GraphQLParser.Tests.csproj", "{8921D879-5538-41A6-98C7-848BDB79DF6C}"
EndProject
Global
	GlobalSection(SolutionConfigurationPlatforms) = preSolution
		Debug|Any CPU = Debug|Any CPU
		Release|Any CPU = Release|Any CPU
	EndGlobalSection
	GlobalSection(ProjectConfigurationPlatforms) = postSolution
		{04664964-90BC-4B5B-ADBF-2D9EB30952BF}.Debug|Any CPU.ActiveCfg = Debug|Any CPU
		{04664964-90BC-4B5B-ADBF-2D9EB30952BF}.Debug|Any CPU.Build.0 = Debug|Any CPU
		{04664964-90BC-4B5B-ADBF-2D9EB30952BF}.Release|Any CPU.ActiveCfg = Release|Any CPU
		{04664964-90BC-4B5B-ADBF-2D9EB30952BF}.Release|Any CPU.Build.0 = Release|Any CPU
		{8921D879-5538-41A6-98C7-848BDB79DF6C}.Debug|Any CPU.ActiveCfg = Debug|Any CPU
		{8921D879-5538-41A6-98C7-848BDB79DF6C}.Debug|Any CPU.Build.0 = Debug|Any CPU
		{8921D879-5538-41A6-98C7-848BDB79DF6C}.Release|Any CPU.ActiveCfg = Release|Any CPU
		{8921D879-5538-41A6-98C7-848BDB79DF6C}.Release|Any CPU.Build.0 = Release|Any CPU
	EndGlobalSection
	GlobalSection(SolutionProperties) = preSolution
		HideSolutionNode = FALSE
	EndGlobalSection
EndGlobal
